<?xml version="1.0" encoding="utf-8"?>
<Project ToolsVersion="4.0" xmlns="http://schemas.microsoft.com/developer/msbuild/2003">
  <ItemGroup>
    <Filter Include="源文件">
      <UniqueIdentifier>{4FC737F1-C7A5-4376-A066-2A32D752A2FF}</UniqueIdentifier>
      <Extensions>cpp;c;cc;cxx;c++;cppm;ixx;def;odl;idl;hpj;bat;asm;asmx</Extensions>
    </Filter>
    <Filter Include="头文件">
      <UniqueIdentifier>{93995380-89BD-4b04-88EB-625FBE52EBFB}</UniqueIdentifier>
      <Extensions>h;hh;hpp;hxx;h++;hm;inl;inc;ipp;xsd</Extensions>
    </Filter>
    <Filter Include="资源文件">
      <UniqueIdentifier>{67DA6AB6-F800-4c08-8B7A-83BB121AAD01}</UniqueIdentifier>
      <Extensions>rc;ico;cur;bmp;dlg;rc2;rct;bin;rgs;gif;jpg;jpeg;jpe;resx;tiff;tif;png;wav;mfcribbon-ms</Extensions>
    </Filter>
  </ItemGroup>
  <ItemGroup>
    <ClCompile Include="..\Models\AccessPoint.pb.cc">
      <Filter>源文件</Filter>
    </ClCompile>
    <ClCompile Include="..\Models\AccessPointsConfig.pb.cc">
      <Filter>源文件</Filter>
    </ClCompile>
    <ClCompile Include="..\Models\acfun.live.pb.cc">
      <Filter>源文件</Filter>
    </ClCompile>
    <ClCompile Include="..\Models\AppInfo.pb.cc">
      <Filter>源文件</Filter>
    </ClCompile>
    <ClCompile Include="..\Models\AuthorChatPlayerInfo.pb.cc">
      <Filter>源文件</Filter>
    </ClCompile>
    <ClCompile Include="..\Models\ChatMediaType.pb.cc">
      <Filter>源文件</Filter>
    </ClCompile>
    <ClCompile Include="..\Models\CommonActionSignalComment.pb.cc">
      <Filter>源文件</Filter>
    </ClCompile>
    <ClCompile Include="..\Models\CommonActionSignalGift.pb.cc">
      <Filter>源文件</Filter>
    </ClCompile>
    <ClCompile Include="..\Models\CommonActionSignalLike.pb.cc">
      <Filter>源文件</Filter>
    </ClCompile>
    <ClCompile Include="..\Models\CommonActionSignalRichText.pb.cc">
      <Filter>源文件</Filter>
    </ClCompile>
    <ClCompile Include="..\Models\CommonActionSignalUserEnterRoom.pb.cc">
      <Filter>源文件</Filter>
    </ClCompile>
    <ClCompile Include="..\Models\CommonActionSignalUserFollowAuthor.pb.cc">
      <Filter>源文件</Filter>
    </ClCompile>
    <ClCompile Include="..\Models\CommonNotifySignalCoverAuditResult.pb.cc">
      <Filter>源文件</Filter>
    </ClCompile>
    <ClCompile Include="..\Models\CommonNotifySignalKickedOut.pb.cc">
      <Filter>源文件</Filter>
    </ClCompile>
    <ClCompile Include="..\Models\CommonNotifySignalLiveManagerState.pb.cc">
      <Filter>源文件</Filter>
    </ClCompile>
    <ClCompile Include="..\Models\CommonNotifySignalViolationAlert.pb.cc">
      <Filter>源文件</Filter>
    </ClCompile>
    <ClCompile Include="..\Models\CommonStateSignalAuthorChatAccept.pb.cc">
      <Filter>源文件</Filter>
    </ClCompile>
    <ClCompile Include="..\Models\CommonStateSignalAuthorChatCall.pb.cc">
      <Filter>源文件</Filter>
    </ClCompile>
    <ClCompile Include="..\Models\CommonStateSignalAuthorChatChangeSoundConfig.pb.cc">
      <Filter>源文件</Filter>
    </ClCompile>
    <ClCompile Include="..\Models\CommonStateSignalAuthorChatEnd.pb.cc">
      <Filter>源文件</Filter>
    </ClCompile>
    <ClCompile Include="..\Models\CommonStateSignalAuthorChatReady.pb.cc">
      <Filter>源文件</Filter>
    </ClCompile>
    <ClCompile Include="..\Models\CommonStateSignalChatAccept.pb.cc">
      <Filter>源文件</Filter>
    </ClCompile>
    <ClCompile Include="..\Models\CommonStateSignalChatCall.pb.cc">
      <Filter>源文件</Filter>
    </ClCompile>
    <ClCompile Include="..\Models\CommonStateSignalChatEnd.pb.cc">
      <Filter>源文件</Filter>
    </ClCompile>
    <ClCompile Include="..\Models\CommonStateSignalChatReady.pb.cc">
      <Filter>源文件</Filter>
    </ClCompile>
    <ClCompile Include="..\Models\CommonStateSignalCurrentRedpackList.pb.cc">
      <Filter>源文件</Filter>
    </ClCompile>
    <ClCompile Include="..\Models\CommonStateSignalDisplayInfo.pb.cc">
      <Filter>源文件</Filter>
    </ClCompile>
    <ClCompile Include="..\Models\CommonStateSignalFeatureStateSync.pb.cc">
      <Filter>源文件</Filter>
    </ClCompile>
    <ClCompile Include="..\Models\CommonStateSignalPKAccept.pb.cc">
      <Filter>源文件</Filter>
    </ClCompile>
    <ClCompile Include="..\Models\CommonStateSignalPkEnd.pb.cc">
      <Filter>源文件</Filter>
    </ClCompile>
    <ClCompile Include="..\Models\CommonStateSignalPKInvitation.pb.cc">
      <Filter>源文件</Filter>
    </ClCompile>
    <ClCompile Include="..\Models\CommonStateSignalPKReady.pb.cc">
      <Filter>源文件</Filter>
    </ClCompile>
    <ClCompile Include="..\Models\CommonStateSignalPKSoundConfigChanged.pb.cc">
      <Filter>源文件</Filter>
    </ClCompile>
    <ClCompile Include="..\Models\CommonStateSignalPkStatistic.pb.cc">
      <Filter>源文件</Filter>
    </ClCompile>
    <ClCompile Include="..\Models\CommonStateSignalRecentComment.pb.cc">
      <Filter>源文件</Filter>
    </ClCompile>
    <ClCompile Include="..\Models\CommonStateSignalTopUsers.pb.cc">
      <Filter>源文件</Filter>
    </ClCompile>
    <ClCompile Include="..\Models\CommonStateSignalWishSheetCurrentState.pb.cc">
      <Filter>源文件</Filter>
    </ClCompile>
    <ClCompile Include="..\Models\CsAckErrorCode.pb.cc">
      <Filter>源文件</Filter>
    </ClCompile>
    <ClCompile Include="..\Models\DeviceInfo.pb.cc">
      <Filter>源文件</Filter>
    </ClCompile>
    <ClCompile Include="..\Models\DownstreamPayload.pb.cc">
      <Filter>源文件</Filter>
    </ClCompile>
    <ClCompile Include="..\Models\EnvInfo.pb.cc">
      <Filter>源文件</Filter>
    </ClCompile>
    <ClCompile Include="..\Models\ErrorMessage.pb.cc">
      <Filter>源文件</Filter>
    </ClCompile>
    <ClCompile Include="..\Models\FrontendInfo.pb.cc">
      <Filter>源文件</Filter>
    </ClCompile>
    <ClCompile Include="..\Models\I18nCopyWriting.pb.cc">
      <Filter>源文件</Filter>
    </ClCompile>
    <ClCompile Include="..\Models\Im.pb.cc">
      <Filter>源文件</Filter>
    </ClCompile>
    <ClCompile Include="..\Models\ImageCdnNode.pb.cc">
      <Filter>源文件</Filter>
    </ClCompile>
    <ClCompile Include="..\Models\KeepAlive.pb.cc">
      <Filter>源文件</Filter>
    </ClCompile>
    <ClCompile Include="..\Models\LinkErrorCode.pb.cc">
      <Filter>源文件</Filter>
    </ClCompile>
    <ClCompile Include="..\Models\LiveFeatureState.pb.cc">
      <Filter>源文件</Filter>
    </ClCompile>
    <ClCompile Include="..\Models\LocaleMessage.pb.cc">
      <Filter>源文件</Filter>
    </ClCompile>
    <ClCompile Include="..\Models\PacketHeader.pb.cc">
      <Filter>源文件</Filter>
    </ClCompile>
    <ClCompile Include="..\Models\Ping.pb.cc">
      <Filter>源文件</Filter>
    </ClCompile>
    <ClCompile Include="..\Models\PkAudienceContributionDetail.pb.cc">
      <Filter>源文件</Filter>
    </ClCompile>
    <ClCompile Include="..\Models\PkAudienceContributionInfo.pb.cc">
      <Filter>源文件</Filter>
    </ClCompile>
    <ClCompile Include="..\Models\PkPlayerInfo.pb.cc">
      <Filter>源文件</Filter>
    </ClCompile>
    <ClCompile Include="..\Models\PkPlayerRoundStatistic.pb.cc">
      <Filter>源文件</Filter>
    </ClCompile>
    <ClCompile Include="..\Models\PkPlayerStatistic.pb.cc">
      <Filter>源文件</Filter>
    </ClCompile>
    <ClCompile Include="..\Models\PkRoundInfo.pb.cc">
      <Filter>源文件</Filter>
    </ClCompile>
    <ClCompile Include="..\Models\PushServiceToken.pb.cc">
      <Filter>源文件</Filter>
    </ClCompile>
    <ClCompile Include="..\Models\Register.pb.cc">
      <Filter>源文件</Filter>
    </ClCompile>
    <ClCompile Include="..\Models\RequestBasicInfo.pb.cc">
      <Filter>源文件</Filter>
    </ClCompile>
    <ClCompile Include="..\Models\SdkOption.pb.cc">
      <Filter>源文件</Filter>
    </ClCompile>
    <ClCompile Include="..\Models\SettingInfo.pb.cc">
      <Filter>源文件</Filter>
    </ClCompile>
    <ClCompile Include="..\Models\SharePlatform.pb.cc">
      <Filter>源文件</Filter>
    </ClCompile>
    <ClCompile Include="..\Models\SyncCookie.pb.cc">
      <Filter>源文件</Filter>
    </ClCompile>
    <ClCompile Include="..\Models\TokenInfo.pb.cc">
      <Filter>源文件</Filter>
    </ClCompile>
    <ClCompile Include="..\Models\Unregister.pb.cc">
      <Filter>源文件</Filter>
    </ClCompile>
    <ClCompile Include="..\Models\UpstreamPayload.pb.cc">
      <Filter>源文件</Filter>
    </ClCompile>
    <ClCompile Include="..\Models\User.pb.cc">
      <Filter>源文件</Filter>
    </ClCompile>
    <ClCompile Include="..\Models\UserInstance.pb.cc">
      <Filter>源文件</Filter>
    </ClCompile>
    <ClCompile Include="..\Models\ZtCommonInfo.pb.cc">
      <Filter>源文件</Filter>
    </ClCompile>
    <ClCompile Include="..\Models\ZtDrawGiftInfo.pb.cc">
      <Filter>源文件</Filter>
    </ClCompile>
    <ClCompile Include="..\Models\ZtLiveActionSignalItem.pb.cc">
      <Filter>源文件</Filter>
    </ClCompile>
    <ClCompile Include="..\Models\ZtLiveChatProto.pb.cc">
      <Filter>源文件</Filter>
    </ClCompile>
    <ClCompile Include="..\Models\ZtLiveCsCmd.pb.cc">
      <Filter>源文件</Filter>
    </ClCompile>
    <ClCompile Include="..\Models\ZtLiveCsEnterRoom.pb.cc">
      <Filter>源文件</Filter>
    </ClCompile>
    <ClCompile Include="..\Models\ZtLiveCsHeartbeat.pb.cc">
      <Filter>源文件</Filter>
    </ClCompile>
    <ClCompile Include="..\Models\ZtLiveCsUserExit.pb.cc">
      <Filter>源文件</Filter>
    </ClCompile>
    <ClCompile Include="..\Models\ZtLiveDownstreamPayloadErrorCode.pb.cc">
      <Filter>源文件</Filter>
    </ClCompile>
    <ClCompile Include="..\Models\ZtLiveNotifySignalItem.pb.cc">
      <Filter>源文件</Filter>
    </ClCompile>
    <ClCompile Include="..\Models\ZtLivePkProto.pb.cc">
      <Filter>源文件</Filter>
    </ClCompile>
    <ClCompile Include="..\Models\ZtLiveScActionSignal.pb.cc">
      <Filter>源文件</Filter>
    </ClCompile>
    <ClCompile Include="..\Models\ZtLiveScMessage.pb.cc">
      <Filter>源文件</Filter>
    </ClCompile>
    <ClCompile Include="..\Models\ZtLiveScNotifySignal.pb.cc">
      <Filter>源文件</Filter>
    </ClCompile>
    <ClCompile Include="..\Models\ZtLiveScStateSignal.pb.cc">
      <Filter>源文件</Filter>
    </ClCompile>
    <ClCompile Include="..\Models\ZtLiveScStatusChanged.pb.cc">
      <Filter>源文件</Filter>
    </ClCompile>
    <ClCompile Include="..\Models\ZtLiveScTicketInvalid.pb.cc">
      <Filter>源文件</Filter>
    </ClCompile>
    <ClCompile Include="..\Models\ZtLiveStateSignalItem.pb.cc">
      <Filter>源文件</Filter>
    </ClCompile>
    <ClCompile Include="..\Models\ZtLiveUserIdentity.pb.cc">
      <Filter>源文件</Filter>
    </ClCompile>
    <ClCompile Include="..\Models\ZtLiveUserInfo.pb.cc">
      <Filter>源文件</Filter>
    </ClCompile>
  </ItemGroup>
  <ItemGroup>
    <ClInclude Include="..\Models\AccessPoint.pb.h">
      <Filter>头文件</Filter>
    </ClInclude>
    <ClInclude Include="..\Models\AccessPointsConfig.pb.h">
      <Filter>头文件</Filter>
    </ClInclude>
    <ClInclude Include="..\Models\acfun.live.pb.h">
      <Filter>头文件</Filter>
    </ClInclude>
    <ClInclude Include="..\Models\AppInfo.pb.h">
      <Filter>头文件</Filter>
    </ClInclude>
    <ClInclude Include="..\Models\AuthorChatPlayerInfo.pb.h">
      <Filter>头文件</Filter>
    </ClInclude>
    <ClInclude Include="..\Models\ChatMediaType.pb.h">
      <Filter>头文件</Filter>
    </ClInclude>
    <ClInclude Include="..\Models\CommonActionSignalComment.pb.h">
      <Filter>头文件</Filter>
    </ClInclude>
    <ClInclude Include="..\Models\CommonActionSignalGift.pb.h">
      <Filter>头文件</Filter>
    </ClInclude>
    <ClInclude Include="..\Models\CommonActionSignalLike.pb.h">
      <Filter>头文件</Filter>
    </ClInclude>
    <ClInclude Include="..\Models\CommonActionSignalRichText.pb.h">
      <Filter>头文件</Filter>
    </ClInclude>
    <ClInclude Include="..\Models\CommonActionSignalUserEnterRoom.pb.h">
      <Filter>头文件</Filter>
    </ClInclude>
    <ClInclude Include="..\Models\CommonActionSignalUserFollowAuthor.pb.h">
      <Filter>头文件</Filter>
    </ClInclude>
    <ClInclude Include="..\Models\CommonNotifySignalCoverAuditResult.pb.h">
      <Filter>头文件</Filter>
    </ClInclude>
    <ClInclude Include="..\Models\CommonNotifySignalKickedOut.pb.h">
      <Filter>头文件</Filter>
    </ClInclude>
    <ClInclude Include="..\Models\CommonNotifySignalLiveManagerState.pb.h">
      <Filter>头文件</Filter>
    </ClInclude>
    <ClInclude Include="..\Models\CommonNotifySignalViolationAlert.pb.h">
      <Filter>头文件</Filter>
    </ClInclude>
    <ClInclude Include="..\Models\CommonStateSignalAuthorChatAccept.pb.h">
      <Filter>头文件</Filter>
    </ClInclude>
    <ClInclude Include="..\Models\CommonStateSignalAuthorChatCall.pb.h">
      <Filter>头文件</Filter>
    </ClInclude>
    <ClInclude Include="..\Models\CommonStateSignalAuthorChatChangeSoundConfig.pb.h">
      <Filter>头文件</Filter>
    </ClInclude>
    <ClInclude Include="..\Models\CommonStateSignalAuthorChatEnd.pb.h">
      <Filter>头文件</Filter>
    </ClInclude>
    <ClInclude Include="..\Models\CommonStateSignalAuthorChatReady.pb.h">
      <Filter>头文件</Filter>
    </ClInclude>
    <ClInclude Include="..\Models\CommonStateSignalChatAccept.pb.h">
      <Filter>头文件</Filter>
    </ClInclude>
    <ClInclude Include="..\Models\CommonStateSignalChatCall.pb.h">
      <Filter>头文件</Filter>
    </ClInclude>
    <ClInclude Include="..\Models\CommonStateSignalChatEnd.pb.h">
      <Filter>头文件</Filter>
    </ClInclude>
    <ClInclude Include="..\Models\CommonStateSignalChatReady.pb.h">
      <Filter>头文件</Filter>
    </ClInclude>
    <ClInclude Include="..\Models\CommonStateSignalCurrentRedpackList.pb.h">
      <Filter>头文件</Filter>
    </ClInclude>
    <ClInclude Include="..\Models\CommonStateSignalDisplayInfo.pb.h">
      <Filter>头文件</Filter>
    </ClInclude>
    <ClInclude Include="..\Models\CommonStateSignalFeatureStateSync.pb.h">
      <Filter>头文件</Filter>
    </ClInclude>
    <ClInclude Include="..\Models\CommonStateSignalPKAccept.pb.h">
      <Filter>头文件</Filter>
    </ClInclude>
    <ClInclude Include="..\Models\CommonStateSignalPkEnd.pb.h">
      <Filter>头文件</Filter>
    </ClInclude>
    <ClInclude Include="..\Models\CommonStateSignalPKInvitation.pb.h">
      <Filter>头文件</Filter>
    </ClInclude>
    <ClInclude Include="..\Models\CommonStateSignalPKReady.pb.h">
      <Filter>头文件</Filter>
    </ClInclude>
    <ClInclude Include="..\Models\CommonStateSignalPKSoundConfigChanged.pb.h">
      <Filter>头文件</Filter>
    </ClInclude>
    <ClInclude Include="..\Models\CommonStateSignalPkStatistic.pb.h">
      <Filter>头文件</Filter>
    </ClInclude>
    <ClInclude Include="..\Models\CommonStateSignalRecentComment.pb.h">
      <Filter>头文件</Filter>
    </ClInclude>
    <ClInclude Include="..\Models\CommonStateSignalTopUsers.pb.h">
      <Filter>头文件</Filter>
    </ClInclude>
    <ClInclude Include="..\Models\CommonStateSignalWishSheetCurrentState.pb.h">
      <Filter>头文件</Filter>
    </ClInclude>
    <ClInclude Include="..\Models\CsAckErrorCode.pb.h">
      <Filter>头文件</Filter>
    </ClInclude>
    <ClInclude Include="..\Models\DeviceInfo.pb.h">
      <Filter>头文件</Filter>
    </ClInclude>
    <ClInclude Include="..\Models\DownstreamPayload.pb.h">
      <Filter>头文件</Filter>
    </ClInclude>
    <ClInclude Include="..\Models\EnvInfo.pb.h">
      <Filter>头文件</Filter>
    </ClInclude>
    <ClInclude Include="..\Models\ErrorMessage.pb.h">
      <Filter>头文件</Filter>
    </ClInclude>
    <ClInclude Include="..\Models\FrontendInfo.pb.h">
      <Filter>头文件</Filter>
    </ClInclude>
    <ClInclude Include="..\Models\I18nCopyWriting.pb.h">
      <Filter>头文件</Filter>
    </ClInclude>
    <ClInclude Include="..\Models\Im.pb.h">
      <Filter>头文件</Filter>
    </ClInclude>
    <ClInclude Include="..\Models\ImageCdnNode.pb.h">
      <Filter>头文件</Filter>
    </ClInclude>
    <ClInclude Include="..\Models\KeepAlive.pb.h">
      <Filter>头文件</Filter>
    </ClInclude>
    <ClInclude Include="..\Models\LinkErrorCode.pb.h">
      <Filter>头文件</Filter>
    </ClInclude>
    <ClInclude Include="..\Models\LiveFeatureState.pb.h">
      <Filter>头文件</Filter>
    </ClInclude>
    <ClInclude Include="..\Models\LocaleMessage.pb.h">
      <Filter>头文件</Filter>
    </ClInclude>
    <ClInclude Include="..\Models\PacketHeader.pb.h">
      <Filter>头文件</Filter>
    </ClInclude>
    <ClInclude Include="..\Models\Ping.pb.h">
      <Filter>头文件</Filter>
    </ClInclude>
    <ClInclude Include="..\Models\PkAudienceContributionDetail.pb.h">
      <Filter>头文件</Filter>
    </ClInclude>
    <ClInclude Include="..\Models\PkAudienceContributionInfo.pb.h">
      <Filter>头文件</Filter>
    </ClInclude>
    <ClInclude Include="..\Models\PkPlayerInfo.pb.h">
      <Filter>头文件</Filter>
    </ClInclude>
    <ClInclude Include="..\Models\PkPlayerRoundStatistic.pb.h">
      <Filter>头文件</Filter>
    </ClInclude>
    <ClInclude Include="..\Models\PkPlayerStatistic.pb.h">
      <Filter>头文件</Filter>
    </ClInclude>
    <ClInclude Include="..\Models\PkRoundInfo.pb.h">
      <Filter>头文件</Filter>
    </ClInclude>
    <ClInclude Include="..\Models\PushServiceToken.pb.h">
      <Filter>头文件</Filter>
    </ClInclude>
    <ClInclude Include="..\Models\Register.pb.h">
      <Filter>头文件</Filter>
    </ClInclude>
    <ClInclude Include="..\Models\RequestBasicInfo.pb.h">
      <Filter>头文件</Filter>
    </ClInclude>
    <ClInclude Include="..\Models\SdkOption.pb.h">
      <Filter>头文件</Filter>
    </ClInclude>
    <ClInclude Include="..\Models\SettingInfo.pb.h">
      <Filter>头文件</Filter>
    </ClInclude>
    <ClInclude Include="..\Models\SharePlatform.pb.h">
      <Filter>头文件</Filter>
    </ClInclude>
    <ClInclude Include="..\Models\SyncCookie.pb.h">
      <Filter>头文件</Filter>
    </ClInclude>
    <ClInclude Include="..\Models\TokenInfo.pb.h">
      <Filter>头文件</Filter>
    </ClInclude>
    <ClInclude Include="..\Models\Unregister.pb.h">
      <Filter>头文件</Filter>
    </ClInclude>
    <ClInclude Include="..\Models\UpstreamPayload.pb.h">
      <Filter>头文件</Filter>
    </ClInclude>
    <ClInclude Include="..\Models\User.pb.h">
      <Filter>头文件</Filter>
    </ClInclude>
    <ClInclude Include="..\Models\UserInstance.pb.h">
      <Filter>头文件</Filter>
    </ClInclude>
    <ClInclude Include="..\Models\ZtCommonInfo.pb.h">
      <Filter>头文件</Filter>
    </ClInclude>
    <ClInclude Include="..\Models\ZtDrawGiftInfo.pb.h">
      <Filter>头文件</Filter>
    </ClInclude>
    <ClInclude Include="..\Models\ZtLiveActionSignalItem.pb.h">
      <Filter>头文件</Filter>
    </ClInclude>
    <ClInclude Include="..\Models\ZtLiveChatProto.pb.h">
      <Filter>头文件</Filter>
    </ClInclude>
    <ClInclude Include="..\Models\ZtLiveCsCmd.pb.h">
      <Filter>头文件</Filter>
    </ClInclude>
    <ClInclude Include="..\Models\ZtLiveCsEnterRoom.pb.h">
      <Filter>头文件</Filter>
    </ClInclude>
    <ClInclude Include="..\Models\ZtLiveCsHeartbeat.pb.h">
      <Filter>头文件</Filter>
    </ClInclude>
    <ClInclude Include="..\Models\ZtLiveCsUserExit.pb.h">
      <Filter>头文件</Filter>
    </ClInclude>
    <ClInclude Include="..\Models\ZtLiveDownstreamPayloadErrorCode.pb.h">
      <Filter>头文件</Filter>
    </ClInclude>
    <ClInclude Include="..\Models\ZtLiveNotifySignalItem.pb.h">
      <Filter>头文件</Filter>
    </ClInclude>
    <ClInclude Include="..\Models\ZtLivePkProto.pb.h">
      <Filter>头文件</Filter>
    </ClInclude>
    <ClInclude Include="..\Models\ZtLiveScActionSignal.pb.h">
      <Filter>头文件</Filter>
    </ClInclude>
    <ClInclude Include="..\Models\ZtLiveScMessage.pb.h">
      <Filter>头文件</Filter>
    </ClInclude>
    <ClInclude Include="..\Models\ZtLiveScNotifySignal.pb.h">
      <Filter>头文件</Filter>
    </ClInclude>
    <ClInclude Include="..\Models\ZtLiveScStateSignal.pb.h">
      <Filter>头文件</Filter>
    </ClInclude>
    <ClInclude Include="..\Models\ZtLiveScStatusChanged.pb.h">
      <Filter>头文件</Filter>
    </ClInclude>
    <ClInclude Include="..\Models\ZtLiveScTicketInvalid.pb.h">
      <Filter>头文件</Filter>
    </ClInclude>
    <ClInclude Include="..\Models\ZtLiveStateSignalItem.pb.h">
      <Filter>头文件</Filter>
    </ClInclude>
    <ClInclude Include="..\Models\ZtLiveUserIdentity.pb.h">
      <Filter>头文件</Filter>
    </ClInclude>
    <ClInclude Include="..\Models\ZtLiveUserInfo.pb.h">
      <Filter>头文件</Filter>
    </ClInclude>
  </ItemGroup>
</Project>